// !$*UTF8*$!
{
	archiveVersion = 1;
	classes = {
	};
	objectVersion = 77;
	objects = {

/* Begin PBXBuildFile section */
		595A7F5B49E588D0C592BA67 /* Assets.xcassets in Resources */ = {isa = PBXBuildFile; fileRef = D245915048E53527239CF111 /* Assets.xcassets */; };
		66C5149FAD7BC1DC4CBC3DDC /* CinemaHUDMobileApp.swift in Sources */ = {isa = PBXBuildFile; fileRef = 2F9138B69615F436135B1CFF /* CinemaHUDMobileApp.swift */; };
		DE5D0171802F42C825CF6FAD /* CinemaUI in Frameworks */ = {isa = PBXBuildFile; productRef = E91C14268287C803D21FFF8C /* CinemaUI */; };
		FE83CFDDE1AEA482C8E457D2 /* SonyCameraKit in Frameworks */ = {isa = PBXBuildFile; productRef = 734B44E2A88CD6260B138F92 /* SonyCameraKit */; };
/* End PBXBuildFile section */

/* Begin PBXFileReference section */
		21E8AD86E98719F4EFE0F2A2 /* CinemaHUDMobile.app */ = {isa = PBXFileReference; includeInIndex = 0; lastKnownFileType = wrapper.application; path = CinemaHUDMobile.app; sourceTree = BUILT_PRODUCTS_DIR; };
		2F9138B69615F436135B1CFF /* CinemaHUDMobileApp.swift */ = {isa = PBXFileReference; lastKnownFileType = sourcecode.swift; path = CinemaHUDMobileApp.swift; sourceTree = "<group>"; };
		50F4D490B1F41B3E2DEB50D7 /* Cinema */ = {isa = PBXFileReference; lastKnownFileType = folder; name = Cinema; path = ..; sourceTree = SOURCE_ROOT; };
		D245915048E53527239CF111 /* Assets.xcassets */ = {isa = PBXFileReference; lastKnownFileType = folder.assetcatalog; path = Assets.xcassets; sourceTree = "<group>"; };
		F24C0C1FA62B3B908A7BCF48 /* Info.plist */ = {isa = PBXFileReference; lastKnownFileType = text.plist; path = Info.plist; sourceTree = "<group>"; };
/* End PBXFileReference section */

/* Begin PBXFrameworksBuildPhase section */
		F250A840C2850C76F470AAC1 /* Frameworks */ = {
			isa = PBXFrameworksBuildPhase;
			buildActionMask = 2147483647;
			files = (
				FE83CFDDE1AEA482C8E457D2 /* SonyCameraKit in Frameworks */,
				DE5D0171802F42C825CF6FAD /* CinemaUI in Frameworks */,
			);
			runOnlyForDeploymentPostprocessing = 0;
		};
/* End PBXFrameworksBuildPhase section */

/* Begin PBXGroup section */
		06B31A04521F3A00CFE52A59 /* CinemaHUDMobile */ = {
			isa = PBXGroup;
			children = (
				D245915048E53527239CF111 /* Assets.xcassets */,
				2F9138B69615F436135B1CFF /* CinemaHUDMobileApp.swift */,
				F24C0C1FA62B3B908A7BCF48 /* Info.plist */,
			);
			path = CinemaHUDMobile;
			sourceTree = "<group>";
		};
		173398573DAD757ABB92FEC4 = {
			isa = PBXGroup;
			children = (
				06B31A04521F3A00CFE52A59 /* CinemaHUDMobile */,
				BD85778129D25D166AA9D3A3 /* Packages */,
				E88A174C48B1FBEB67CF1BF0 /* Products */,
			);
			sourceTree = "<group>";
		};
		BD85778129D25D166AA9D3A3 /* Packages */ = {
			isa = PBXGroup;
			children = (
				50F4D490B1F41B3E2DEB50D7 /* Cinema */,
			);
			name = Packages;
			sourceTree = "<group>";
		};
		E88A174C48B1FBEB67CF1BF0 /* Products */ = {
			isa = PBXGroup;
			children = (
				21E8AD86E98719F4EFE0F2A2 /* CinemaHUDMobile.app */,
			);
			name = Products;
			sourceTree = "<group>";
		};
/* End PBXGroup section */

/* Begin PBXNativeTarget section */
		5BB44E9B1C9EBF7F415CA7FA /* CinemaHUDMobile */ = {
			isa = PBXNativeTarget;
			buildConfigurationList = 8128C01AA571826EA6E2DEA3 /* Build configuration list for PBXNativeTarget "CinemaHUDMobile" */;
			buildPhases = (
				3A4549DFA8E39629295A236D /* Sources */,
				6BA9F14858E35473209C053F /* Resources */,
				F250A840C2850C76F470AAC1 /* Frameworks */,
			);
			buildRules = (
			);
			dependencies = (
			);
			name = CinemaHUDMobile;
			packageProductDependencies = (
				734B44E2A88CD6260B138F92 /* SonyCameraKit */,
				E91C14268287C803D21FFF8C /* CinemaUI */,
			);
			productName = CinemaHUDMobile;
			productReference = 21E8AD86E98719F4EFE0F2A2 /* CinemaHUDMobile.app */;
			productType = "com.apple.product-type.application";
		};
/* End PBXNativeTarget section */

/* Begin PBXProject section */
		B392748D0F89C8B9DF68F80C /* Project object */ = {
			isa = PBXProject;
			attributes = {
				BuildIndependentTargetsInParallel = YES;
				LastUpgradeCheck = 1430;
				TargetAttributes = {
					5BB44E9B1C9EBF7F415CA7FA = {
						ProvisioningStyle = Automatic;
					};
				};
			};
			buildConfigurationList = 2D0F61F5F9E83F1E021A165F /* Build configuration list for PBXProject "CinemaHUDMobile" */;
			developmentRegion = en;
			hasScannedForEncodings = 0;
			knownRegions = (
				Base,
				en,
			);
			mainGroup = 173398573DAD757ABB92FEC4;
			minimizedProjectReferenceProxies = 1;
			packageReferences = (
				746711A5D1FEB6ED43B48D74 /* XCLocalSwiftPackageReference ".." */,
			);
			preferredProjectObjectVersion = 77;
			productRefGroup = E88A174C48B1FBEB67CF1BF0 /* Products */;
			projectDirPath = "";
			projectRoot = "";
			targets = (
				5BB44E9B1C9EBF7F415CA7FA /* CinemaHUDMobile */,
			);
		};
/* End PBXProject section */

/* Begin PBXResourcesBuildPhase section */
		6BA9F14858E35473209C053F /* Resources */ = {
			isa = PBXResourcesBuildPhase;
			buildActionMask = 2147483647;
			files = (
				595A7F5B49E588D0C592BA67 /* Assets.xcassets in Resources */,
			);
			runOnlyForDeploymentPostprocessing = 0;
		};
/* End PBXResourcesBuildPhase section */

/* Begin PBXSourcesBuildPhase section */
		3A4549DFA8E39629295A236D /* Sources */ = {
			isa = PBXSourcesBuildPhase;
			buildActionMask = 2147483647;
			files = (
				66C5149FAD7BC1DC4CBC3DDC /* CinemaHUDMobileApp.swift in Sources */,
			);
			runOnlyForDeploymentPostprocessing = 0;
		};
/* End PBXSourcesBuildPhase section */

/* Begin XCBuildConfiguration section */
		38B5E5893E3C2E6DB3F43C77 /* Debug */ = {
			isa = XCBuildConfiguration;
			buildSettings = {
				ALWAYS_SEARCH_USER_PATHS = NO;
				CLANG_ANALYZER_NONNULL = YES;
				CLANG_ANALYZER_NUMBER_OBJECT_CONVERSION = YES_AGGRESSIVE;
				CLANG_CXX_LANGUAGE_STANDARD = "gnu++14";
				CLANG_CXX_LIBRARY = "libc++";
				CLANG_ENABLE_MODULES = YES;
				CLANG_ENABLE_OBJC_ARC = YES;
				CLANG_ENABLE_OBJC_WEAK = YES;
				CLANG_WARN_BLOCK_CAPTURE_AUTORELEASING = YES;
				CLANG_WARN_BOOL_CONVERSION = YES;
				CLANG_WARN_COMMA = YES;
				CLANG_WARN_CONSTANT_CONVERSION = YES;
				CLANG_WARN_DEPRECATED_OBJC_IMPLEMENTATIONS = YES;
				CLANG_WARN_DIRECT_OBJC_ISA_USAGE = YES_ERROR;
				CLANG_WARN_DOCUMENTATION_COMMENTS = YES;
				CLANG_WARN_EMPTY_BODY = YES;
				CLANG_WARN_ENUM_CONVERSION = YES;
				CLANG_WARN_INFINITE_RECURSION = YES;
				CLANG_WARN_INT_CONVERSION = YES;
				CLANG_WARN_NON_LITERAL_NULL_CONVERSION = YES;
				CLANG_WARN_OBJC_IMPLICIT_RETAIN_SELF = YES;
				CLANG_WARN_OBJC_LITERAL_CONVERSION = YES;
				CLANG_WARN_OBJC_ROOT_CLASS = YES_ERROR;
				CLANG_WARN_QUOTED_INCLUDE_IN_FRAMEWORK_HEADER = YES;
				CLANG_WARN_RANGE_LOOP_ANALYSIS = YES;
				CLANG_WARN_STRICT_PROTOTYPES = YES;
				CLANG_WARN_SUSPICIOUS_MOVE = YES;
				CLANG_WARN_UNGUARDED_AVAILABILITY = YES_AGGRESSIVE;
				CLANG_WARN_UNREACHABLE_CODE = YES;
				CLANG_WARN__DUPLICATE_METHOD_MATCH = YES;
				COPY_PHASE_STRIP = NO;
				DEBUG_INFORMATION_FORMAT = dwarf;
				ENABLE_STRICT_OBJC_MSGSEND = YES;
				ENABLE_TESTABILITY = YES;
				GCC_C_LANGUAGE_STANDARD = gnu11;
				GCC_DYNAMIC_NO_PIC = NO;
				GCC_NO_COMMON_BLOCKS = YES;
				GCC_OPTIMIZATION_LEVEL = 0;
				GCC_PREPROCESSOR_DEFINITIONS = (
					"$(inherited)",
					"DEBUG=1",
				);
				GCC_WARN_64_TO_32_BIT_CONVERSION = YES;
				GCC_WARN_ABOUT_RETURN_TYPE = YES_ERROR;
				GCC_WARN_UNDECLARED_SELECTOR = YES;
				GCC_WARN_UNINITIALIZED_AUTOS = YES_AGGRESSIVE;
				GCC_WARN_UNUSED_FUNCTION = YES;
				GCC_WARN_UNUSED_VARIABLE = YES;
				IPHONEOS_DEPLOYMENT_TARGET = 17.0;
				MTL_ENABLE_DEBUG_INFO = INCLUDE_SOURCE;
				MTL_FAST_MATH = YES;
				ONLY_ACTIVE_ARCH = YES;
				PRODUCT_NAME = "$(TARGET_NAME)";
				SDKROOT = iphoneos;
				SWIFT_ACTIVE_COMPILATION_CONDITIONS = DEBUG;
				SWIFT_OPTIMIZATION_LEVEL = "-Onone";
				SWIFT_VERSION = 5.0;
			};
			name = Debug;
		};
		D0F7F0115DE3A27697C591C6 /* Release */ = {
			isa = XCBuildConfiguration;
			buildSettings = {
				ASSETCATALOG_COMPILER_APPICON_NAME = AppIcon;
				CODE_SIGN_IDENTITY = "iPhone Developer";
				CODE_SIGN_STYLE = Automatic;
				GENERATE_INFOPLIST_FILE = NO;
				INFOPLIST_FILE = CinemaHUDMobile/Info.plist;
				INFOPLIST_KEY_UIUserInterfaceStyle = Dark;
				LD_RUNPATH_SEARCH_PATHS = (
					"$(inherited)",
					"@executable_path/Frameworks",
				);
				PRODUCT_BUNDLE_IDENTIFIER = ai.lunacommunity.cinemahud.mobile;
				SDKROOT = iphoneos;
				SUPPORTS_MACCATALYST = NO;
				SWIFT_VERSION = 5.9;
				TARGETED_DEVICE_FAMILY = "1,2";
			};
			name = Release;
		};
		ED2EE54E2E7D5E4930BBF56C /* Release */ = {
			isa = XCBuildConfiguration;
			buildSettings = {
				ALWAYS_SEARCH_USER_PATHS = NO;
				CLANG_ANALYZER_NONNULL = YES;
				CLANG_ANALYZER_NUMBER_OBJECT_CONVERSION = YES_AGGRESSIVE;
				CLANG_CXX_LANGUAGE_STANDARD = "gnu++14";
				CLANG_CXX_LIBRARY = "libc++";
				CLANG_ENABLE_MODULES = YES;
				CLANG_ENABLE_OBJC_ARC = YES;
				CLANG_ENABLE_OBJC_WEAK = YES;
				CLANG_WARN_BLOCK_CAPTURE_AUTORELEASING = YES;
				CLANG_WARN_BOOL_CONVERSION = YES;
				CLANG_WARN_COMMA = YES;
				CLANG_WARN_CONSTANT_CONVERSION = YES;
				CLANG_WARN_DEPRECATED_OBJC_IMPLEMENTATIONS = YES;
				CLANG_WARN_DIRECT_OBJC_ISA_USAGE = YES_ERROR;
				CLANG_WARN_DOCUMENTATION_COMMENTS = YES;
				CLANG_WARN_EMPTY_BODY = YES;
				CLANG_WARN_ENUM_CONVERSION = YES;
				CLANG_WARN_INFINITE_RECURSION = YES;
				CLANG_WARN_INT_CONVERSION = YES;
				CLANG_WARN_NON_LITERAL_NULL_CONVERSION = YES;
				CLANG_WARN_OBJC_IMPLICIT_RETAIN_SELF = YES;
				CLANG_WARN_OBJC_LITERAL_CONVERSION = YES;
				CLANG_WARN_OBJC_ROOT_CLASS = YES_ERROR;
				CLANG_WARN_QUOTED_INCLUDE_IN_FRAMEWORK_HEADER = YES;
				CLANG_WARN_RANGE_LOOP_ANALYSIS = YES;
				CLANG_WARN_STRICT_PROTOTYPES = YES;
				CLANG_WARN_SUSPICIOUS_MOVE = YES;
				CLANG_WARN_UNGUARDED_AVAILABILITY = YES_AGGRESSIVE;
				CLANG_WARN_UNREACHABLE_CODE = YES;
				CLANG_WARN__DUPLICATE_METHOD_MATCH = YES;
				COPY_PHASE_STRIP = NO;
				DEBUG_INFORMATION_FORMAT = "dwarf-with-dsym";
				ENABLE_NS_ASSERTIONS = NO;
				ENABLE_STRICT_OBJC_MSGSEND = YES;
				GCC_C_LANGUAGE_STANDARD = gnu11;
				GCC_NO_COMMON_BLOCKS = YES;
				GCC_WARN_64_TO_32_BIT_CONVERSION = YES;
				GCC_WARN_ABOUT_RETURN_TYPE = YES_ERROR;
				GCC_WARN_UNDECLARED_SELECTOR = YES;
				GCC_WARN_UNINITIALIZED_AUTOS = YES_AGGRESSIVE;
				GCC_WARN_UNUSED_FUNCTION = YES;
				GCC_WARN_UNUSED_VARIABLE = YES;
				IPHONEOS_DEPLOYMENT_TARGET = 17.0;
				MTL_ENABLE_DEBUG_INFO = NO;
				MTL_FAST_MATH = YES;
				PRODUCT_NAME = "$(TARGET_NAME)";
				SDKROOT = iphoneos;
				SWIFT_COMPILATION_MODE = wholemodule;
				SWIFT_OPTIMIZATION_LEVEL = "-O";
				SWIFT_VERSION = 5.0;
			};
			name = Release;
		};
		F4C5DBCA0424CCBE2809ACAA /* Debug */ = {
			isa = XCBuildConfiguration;
			buildSettings = {
				ASSETCATALOG_COMPILER_APPICON_NAME = AppIcon;
				CODE_SIGN_IDENTITY = "iPhone Developer";
				CODE_SIGN_STYLE = Automatic;
				GENERATE_INFOPLIST_FILE = NO;
				INFOPLIST_FILE = CinemaHUDMobile/Info.plist;
				INFOPLIST_KEY_UIUserInterfaceStyle = Dark;
				LD_RUNPATH_SEARCH_PATHS = (
					"$(inherited)",
					"@executable_path/Frameworks",
				);
				PRODUCT_BUNDLE_IDENTIFIER = ai.lunacommunity.cinemahud.mobile;
				SDKROOT = iphoneos;
				SUPPORTS_MACCATALYST = NO;
				SWIFT_VERSION = 5.9;
				TARGETED_DEVICE_FAMILY = "1,2";
			};
			name = Debug;
		};
/* End XCBuildConfiguration section */

/* Begin XCConfigurationList section */
		2D0F61F5F9E83F1E021A165F /* Build configuration list for PBXProject "CinemaHUDMobile" */ = {
			isa = XCConfigurationList;
			buildConfigurations = (
				38B5E5893E3C2E6DB3F43C77 /* Debug */,
				ED2EE54E2E7D5E4930BBF56C /* Release */,
			);
			defaultConfigurationIsVisible = 0;
			defaultConfigurationName = Debug;
		};
		8128C01AA571826EA6E2DEA3 /* Build configuration list for PBXNativeTarget "CinemaHUDMobile" */ = {
			isa = XCConfigurationList;
			buildConfigurations = (
				F4C5DBCA0424CCBE2809ACAA /* Debug */,
				D0F7F0115DE3A27697C591C6 /* Release */,
			);
			defaultConfigurationIsVisible = 0;
			defaultConfigurationName = Debug;
		};
/* End XCConfigurationList section */

/* Begin XCLocalSwiftPackageReference section */
		746711A5D1FEB6ED43B48D74 /* XCLocalSwiftPackageReference ".." */ = {
			isa = XCLocalSwiftPackageReference;
			relativePath = ..;
		};
/* End XCLocalSwiftPackageReference section */

/* Begin XCSwiftPackageProductDependency section */
		734B44E2A88CD6260B138F92 /* SonyCameraKit */ = {
			isa = XCSwiftPackageProductDependency;
			productName = SonyCameraKit;
		};
		E91C14268287C803D21FFF8C /* CinemaUI */ = {
			isa = XCSwiftPackageProductDependency;
			productName = CinemaUI;
		};
/* End XCSwiftPackageProductDependency section */
	};
	rootObject = B392748D0F89C8B9DF68F80C /* Project object */;
}
